
Microsoft Visual Studio Solution File, Format Version 12.00
# Visual Studio Version 16
VisualStudioVersion = 16.0.29424.173
MinimumVisualStudioVersion = 10.0.40219.1
Project("{FAE04EC0-301F-11D3-BF4B-00C04F79EFBC}") = "GigHub", "GigHub\GigHub.csproj", "{234598C8-0F98-485E-8EA0-5E51FE8F0E6A}"
EndProject
Project("{FAE04EC0-301F-11D3-BF4B-00C04F79EFBC}") = "GigHub.Tests", "GigHub.Tests\GigHub.Tests.csproj", "{5D08A06B-A63B-4032-8846-F36BFCC353AD}"
EndProject
Project("{FAE04EC0-301F-11D3-BF4B-00C04F79EFBC}") = "GigHub.IntegrationTests", "GigHub.IntegrationTests\GigHub.IntegrationTests.csproj", "{20C7CEC6-D9D6-4FFD-9187-395356F269D2}"
EndProject
Global
	GlobalSection(SolutionConfigurationPlatforms) = preSolution
		Debug|Any CPU = Debug|Any CPU
		Release|Any CPU = Release|Any CPU
	EndGlobalSection
	GlobalSection(ProjectConfigurationPlatforms) = postSolution
		{234598C8-0F98-485E-8EA0-5E51FE8F0E6A}.Debug|Any CPU.ActiveCfg = Debug|Any CPU
		{234598C8-0F98-485E-8EA0-5E51FE8F0E6A}.Debug|Any CPU.Build.0 = Debug|Any CPU
		{234598C8-0F98-485E-8EA0-5E51FE8F0E6A}.Release|Any CPU.ActiveCfg = Release|Any CPU
		{234598C8-0F98-485E-8EA0-5E51FE8F0E6A}.Release|Any CPU.Build.0 = Release|Any CPU
		{5D08A06B-A63B-4032-8846-F36BFCC353AD}.Debug|Any CPU.ActiveCfg = Debug|Any CPU
		{5D08A06B-A63B-4032-8846-F36BFCC353AD}.Debug|Any CPU.Build.0 = Debug|Any CPU
		{5D08A06B-A63B-4032-8846-F36BFCC353AD}.Release|Any CPU.ActiveCfg = Release|Any CPU
		{5D08A06B-A63B-4032-8846-F36BFCC353AD}.Release|Any CPU.Build.0 = Release|Any CPU
		{20C7CEC6-D9D6-4FFD-9187-395356F269D2}.Debug|Any CPU.ActiveCfg = Debug|Any CPU
		{20C7CEC6-D9D6-4FFD-9187-395356F269D2}.Debug|Any CPU.Build.0 = Debug|Any CPU
		{20C7CEC6-D9D6-4FFD-9187-395356F269D2}.Release|Any CPU.ActiveCfg = Release|Any CPU
		{20C7CEC6-D9D6-4FFD-9187-395356F269D2}.Release|Any CPU.Build.0 = Release|Any CPU
	EndGlobalSection
	GlobalSection(SolutionProperties) = preSolution
		HideSolutionNode = FALSE
	EndGlobalSection
	GlobalSection(ExtensibilityGlobals) = postSolution
		LessCompiler = 234598c8-0f98-485e-8ea0-5e51fe8f0e6a
		SolutionGuid = {5107D81F-AE3F-413A-B32A-6D92799E44D6}
	EndGlobalSection
EndGlobal
